// !$*UTF8*$!
{
	archiveVersion = 1;
	classes = {
	};
	objectVersion = 50;
	objects = {

/* Begin PBXBuildFile section */
		041A4C3D22242E1400567728 /* Vehicle.swift in Sources */ = {isa = PBXBuildFile; fileRef = 041A4C3C22242E1400567728 /* Vehicle.swift */; };
		041A4C3F22242E5F00567728 /* Vehicles.swift in Sources */ = {isa = PBXBuildFile; fileRef = 041A4C3E22242E5F00567728 /* Vehicles.swift */; };
		0420675B22257FE5002762F9 /* GradientView.swift in Sources */ = {isa = PBXBuildFile; fileRef = 0420675A22257FE5002762F9 /* GradientView.swift */; };
		0420675D22257FEF002762F9 /* ParticleView.swift in Sources */ = {isa = PBXBuildFile; fileRef = 0420675C22257FEF002762F9 /* ParticleView.swift */; };
		042478B22219C88A00878DE4 /* EventsVC.swift in Sources */ = {isa = PBXBuildFile; fileRef = 042478B12219C88A00878DE4 /* EventsVC.swift */; };
		042478B42219CBF300878DE4 /* EventCell.swift in Sources */ = {isa = PBXBuildFile; fileRef = 042478B32219CBF300878DE4 /* EventCell.swift */; };
		042478B82219CEFE00878DE4 /* Event.swift in Sources */ = {isa = PBXBuildFile; fileRef = 042478B72219CEFE00878DE4 /* Event.swift */; };
		042478BA2219CF3E00878DE4 /* Events.swift in Sources */ = {isa = PBXBuildFile; fileRef = 042478B92219CF3E00878DE4 /* Events.swift */; };
		042558212225762900EB5FC6 /* Garden.swift in Sources */ = {isa = PBXBuildFile; fileRef = 042558202225762900EB5FC6 /* Garden.swift */; };
		04255825222576B200EB5FC6 /* Gardens.swift in Sources */ = {isa = PBXBuildFile; fileRef = 04255824222576B200EB5FC6 /* Gardens.swift */; };
		042D8B8C221C679F0095743C /* FadeAnimations.swift in Sources */ = {isa = PBXBuildFile; fileRef = 042D8B8B221C679F0095743C /* FadeAnimations.swift */; };
		042D8B8E221C6BA30095743C /* EventDetailVC.swift in Sources */ = {isa = PBXBuildFile; fileRef = 042D8B8D221C6BA30095743C /* EventDetailVC.swift */; };
		042D8B90221C6BF00095743C /* BaseEventView.swift in Sources */ = {isa = PBXBuildFile; fileRef = 042D8B8F221C6BF00095743C /* BaseEventView.swift */; };
		043D4EAA222FE48000B28797 /* onboardingVideo.mp4 in Resources */ = {isa = PBXBuildFile; fileRef = 043D4EA9222FE48000B28797 /* onboardingVideo.mp4 */; };
		0441F6B72210984800EAD015 /* AppDelegate.swift in Sources */ = {isa = PBXBuildFile; fileRef = 0441F6B62210984800EAD015 /* AppDelegate.swift */; };
		0441F6BE2210984A00EAD015 /* Assets.xcassets in Resources */ = {isa = PBXBuildFile; fileRef = 0441F6BD2210984A00EAD015 /* Assets.xcassets */; };
		0441F6C12210984A00EAD015 /* LaunchScreen.storyboard in Resources */ = {isa = PBXBuildFile; fileRef = 0441F6BF2210984A00EAD015 /* LaunchScreen.storyboard */; };
		0441F6C922109F8A00EAD015 /* MenuCell.swift in Sources */ = {isa = PBXBuildFile; fileRef = 0441F6C822109F8A00EAD015 /* MenuCell.swift */; };
		0441F6CB2210A3CC00EAD015 /* MenuHeaderView.swift in Sources */ = {isa = PBXBuildFile; fileRef = 0441F6CA2210A3CC00EAD015 /* MenuHeaderView.swift */; };
		04463C4D22205BC000087EF2 /* LSCategory.swift in Sources */ = {isa = PBXBuildFile; fileRef = 04463C4C22205BC000087EF2 /* LSCategory.swift */; };
		04463C4F22205BEE00087EF2 /* LSCategories.swift in Sources */ = {isa = PBXBuildFile; fileRef = 04463C4E22205BEE00087EF2 /* LSCategories.swift */; };
		0453143F222EE335006A456D /* UserSettings.swift in Sources */ = {isa = PBXBuildFile; fileRef = 0453143E222EE335006A456D /* UserSettings.swift */; };
		0458977E222D59C90017AD96 /* OnboardingVC.swift in Sources */ = {isa = PBXBuildFile; fileRef = 0458977D222D59C90017AD96 /* OnboardingVC.swift */; };
		04589780222D62A50017AD96 /* OnboardingMessages.swift in Sources */ = {isa = PBXBuildFile; fileRef = 0458977F222D62A50017AD96 /* OnboardingMessages.swift */; };
		046CA7442236A70E00D55DCB /* BasePlayerVC.swift in Sources */ = {isa = PBXBuildFile; fileRef = 046CA7432236A70E00D55DCB /* BasePlayerVC.swift */; };
		046CA7462236B40600D55DCB /* stockVideo.mp4 in Resources */ = {isa = PBXBuildFile; fileRef = 046CA7452236B40600D55DCB /* stockVideo.mp4 */; };
		046D4705222C4BBC0001E824 /* NavigationControllerExtension.swift in Sources */ = {isa = PBXBuildFile; fileRef = 046D4704222C4BBC0001E824 /* NavigationControllerExtension.swift */; };
		046E1828221B3395005940DA /* DateFormatter.swift in Sources */ = {isa = PBXBuildFile; fileRef = 046E1827221B3395005940DA /* DateFormatter.swift */; };
		046E182A221B369E005940DA /* MessagesHeaderView.swift in Sources */ = {isa = PBXBuildFile; fileRef = 046E1829221B369E005940DA /* MessagesHeaderView.swift */; };
		049D3ABD22134C150084AD45 /* ChatCategoriesVC.swift in Sources */ = {isa = PBXBuildFile; fileRef = 049D3ABC22134C150084AD45 /* ChatCategoriesVC.swift */; };
		049D3ABF22134C6C0084AD45 /* HomeVC.swift in Sources */ = {isa = PBXBuildFile; fileRef = 049D3ABE22134C6B0084AD45 /* HomeVC.swift */; };
		049D3AC1221352A50084AD45 /* BaseTableViewController.swift in Sources */ = {isa = PBXBuildFile; fileRef = 049D3AC0221352A50084AD45 /* BaseTableViewController.swift */; };
		049D3AC42213546D0084AD45 /* ChatCategoryCell.swift in Sources */ = {isa = PBXBuildFile; fileRef = 049D3AC32213546D0084AD45 /* ChatCategoryCell.swift */; };
		049D3AC8221358AB0084AD45 /* BaseTableViewCell.swift in Sources */ = {isa = PBXBuildFile; fileRef = 049D3AC7221358AB0084AD45 /* BaseTableViewCell.swift */; };
		04A58EAF222170C500142885 /* TransitVC.swift in Sources */ = {isa = PBXBuildFile; fileRef = 04A58EAE222170C500142885 /* TransitVC.swift */; };
		04A58EB12221712A00142885 /* TransitMenuView.swift in Sources */ = {isa = PBXBuildFile; fileRef = 04A58EB02221712A00142885 /* TransitMenuView.swift */; };
		04A58EB322217D2500142885 /* TransitMenuCell.swift in Sources */ = {isa = PBXBuildFile; fileRef = 04A58EB222217D2500142885 /* TransitMenuCell.swift */; };
		04ACDDE0222072BC00B94CF3 /* LSStatCell.swift in Sources */ = {isa = PBXBuildFile; fileRef = 04ACDDDF222072BC00B94CF3 /* LSStatCell.swift */; };
		04ACDDE22220752300B94CF3 /* LSStatsVC.swift in Sources */ = {isa = PBXBuildFile; fileRef = 04ACDDE12220752300B94CF3 /* LSStatsVC.swift */; };
		04B3AD9F2214822700BB61C3 /* MessageCell.swift in Sources */ = {isa = PBXBuildFile; fileRef = 04B3AD9E2214822700BB61C3 /* MessageCell.swift */; };
		04B3ADA12214837D00BB61C3 /* MessagesVC.swift in Sources */ = {isa = PBXBuildFile; fileRef = 04B3ADA02214837D00BB61C3 /* MessagesVC.swift */; };
		04B3ADA422148EE100BB61C3 /* Message.swift in Sources */ = {isa = PBXBuildFile; fileRef = 04B3ADA322148EE100BB61C3 /* Message.swift */; };
		04B3ADA72214916800BB61C3 /* Messages.swift in Sources */ = {isa = PBXBuildFile; fileRef = 04B3ADA62214916800BB61C3 /* Messages.swift */; };
		04C4C5712237E44700CC08A8 /* not-of-this-earth.mp3 in Resources */ = {isa = PBXBuildFile; fileRef = 04C4C5702237E44700CC08A8 /* not-of-this-earth.mp3 */; };
		04C679D122246F5200F997E1 /* HydroGardenVC.swift in Sources */ = {isa = PBXBuildFile; fileRef = 04C679D022246F5200F997E1 /* HydroGardenVC.swift */; };
		04C679D3222470CF00F997E1 /* Weather.swift in Sources */ = {isa = PBXBuildFile; fileRef = 04C679D2222470CF00F997E1 /* Weather.swift */; };
		04C679D5222472C700F997E1 /* WeatherSituations.swift in Sources */ = {isa = PBXBuildFile; fileRef = 04C679D4222472C700F997E1 /* WeatherSituations.swift */; };
		04C679D722247CD700F997E1 /* HydroGardenWeatherCell.swift in Sources */ = {isa = PBXBuildFile; fileRef = 04C679D622247CD700F997E1 /* HydroGardenWeatherCell.swift */; };
		04DAB1742235732F004D0AFE /* EntertainmentVC.swift in Sources */ = {isa = PBXBuildFile; fileRef = 04DAB1732235732F004D0AFE /* EntertainmentVC.swift */; };
		04DAB176223573D3004D0AFE /* MusicPlayerVC.swift in Sources */ = {isa = PBXBuildFile; fileRef = 04DAB175223573D3004D0AFE /* MusicPlayerVC.swift */; };
		04DAB178223573DC004D0AFE /* VideoPlayerVC.swift in Sources */ = {isa = PBXBuildFile; fileRef = 04DAB177223573DC004D0AFE /* VideoPlayerVC.swift */; };
		04DAB17A223573F0004D0AFE /* ActivitiesVC.swift in Sources */ = {isa = PBXBuildFile; fileRef = 04DAB179223573F0004D0AFE /* ActivitiesVC.swift */; };
		04E38A912237F8D60097E98B /* ActivityCell.swift in Sources */ = {isa = PBXBuildFile; fileRef = 04E38A902237F8D60097E98B /* ActivityCell.swift */; };
		04EFF67F2219EF7100D14D3B /* Colors.swift in Sources */ = {isa = PBXBuildFile; fileRef = 04EFF67E2219EF7100D14D3B /* Colors.swift */; };
/* End PBXBuildFile section */

/* Begin PBXFileReference section */
		041A4C3C22242E1400567728 /* Vehicle.swift */ = {isa = PBXFileReference; lastKnownFileType = sourcecode.swift; path = Vehicle.swift; sourceTree = "<group>"; };
		041A4C3E22242E5F00567728 /* Vehicles.swift */ = {isa = PBXFileReference; lastKnownFileType = sourcecode.swift; path = Vehicles.swift; sourceTree = "<group>"; };
		0420675A22257FE5002762F9 /* GradientView.swift */ = {isa = PBXFileReference; lastKnownFileType = sourcecode.swift; path = GradientView.swift; sourceTree = "<group>"; };
		0420675C22257FEF002762F9 /* ParticleView.swift */ = {isa = PBXFileReference; lastKnownFileType = sourcecode.swift; path = ParticleView.swift; sourceTree = "<group>"; };
		042478B12219C88A00878DE4 /* EventsVC.swift */ = {isa = PBXFileReference; lastKnownFileType = sourcecode.swift; path = EventsVC.swift; sourceTree = "<group>"; };
		042478B32219CBF300878DE4 /* EventCell.swift */ = {isa = PBXFileReference; lastKnownFileType = sourcecode.swift; path = EventCell.swift; sourceTree = "<group>"; };
		042478B72219CEFE00878DE4 /* Event.swift */ = {isa = PBXFileReference; lastKnownFileType = sourcecode.swift; path = Event.swift; sourceTree = "<group>"; };
		042478B92219CF3E00878DE4 /* Events.swift */ = {isa = PBXFileReference; lastKnownFileType = sourcecode.swift; path = Events.swift; sourceTree = "<group>"; };
		042558202225762900EB5FC6 /* Garden.swift */ = {isa = PBXFileReference; lastKnownFileType = sourcecode.swift; path = Garden.swift; sourceTree = "<group>"; };
		04255824222576B200EB5FC6 /* Gardens.swift */ = {isa = PBXFileReference; lastKnownFileType = sourcecode.swift; path = Gardens.swift; sourceTree = "<group>"; };
		042D8B8B221C679F0095743C /* FadeAnimations.swift */ = {isa = PBXFileReference; lastKnownFileType = sourcecode.swift; path = FadeAnimations.swift; sourceTree = "<group>"; };
		042D8B8D221C6BA30095743C /* EventDetailVC.swift */ = {isa = PBXFileReference; lastKnownFileType = sourcecode.swift; path = EventDetailVC.swift; sourceTree = "<group>"; };
		042D8B8F221C6BF00095743C /* BaseEventView.swift */ = {isa = PBXFileReference; lastKnownFileType = sourcecode.swift; path = BaseEventView.swift; sourceTree = "<group>"; };
		043D4EA9222FE48000B28797 /* onboardingVideo.mp4 */ = {isa = PBXFileReference; lastKnownFileType = file; path = onboardingVideo.mp4; sourceTree = "<group>"; };
		0441F6B32210984800EAD015 /* MARS.app */ = {isa = PBXFileReference; explicitFileType = wrapper.application; includeInIndex = 0; path = MARS.app; sourceTree = BUILT_PRODUCTS_DIR; };
		0441F6B62210984800EAD015 /* AppDelegate.swift */ = {isa = PBXFileReference; lastKnownFileType = sourcecode.swift; path = AppDelegate.swift; sourceTree = "<group>"; };
		0441F6BD2210984A00EAD015 /* Assets.xcassets */ = {isa = PBXFileReference; lastKnownFileType = folder.assetcatalog; path = Assets.xcassets; sourceTree = "<group>"; };
		0441F6C02210984A00EAD015 /* Base */ = {isa = PBXFileReference; lastKnownFileType = file.storyboard; name = Base; path = Base.lproj/LaunchScreen.storyboard; sourceTree = "<group>"; };
		0441F6C22210984A00EAD015 /* Info.plist */ = {isa = PBXFileReference; lastKnownFileType = text.plist.xml; path = Info.plist; sourceTree = "<group>"; };
		0441F6C822109F8A00EAD015 /* MenuCell.swift */ = {isa = PBXFileReference; lastKnownFileType = sourcecode.swift; path = MenuCell.swift; sourceTree = "<group>"; };
		0441F6CA2210A3CC00EAD015 /* MenuHeaderView.swift */ = {isa = PBXFileReference; lastKnownFileType = sourcecode.swift; path = MenuHeaderView.swift; sourceTree = "<group>"; };
		04463C4C22205BC000087EF2 /* LSCategory.swift */ = {isa = PBXFileReference; lastKnownFileType = sourcecode.swift; path = LSCategory.swift; sourceTree = "<group>"; };
		04463C4E22205BEE00087EF2 /* LSCategories.swift */ = {isa = PBXFileReference; lastKnownFileType = sourcecode.swift; path = LSCategories.swift; sourceTree = "<group>"; };
		0453143E222EE335006A456D /* UserSettings.swift */ = {isa = PBXFileReference; lastKnownFileType = sourcecode.swift; path = UserSettings.swift; sourceTree = "<group>"; };
		0458977D222D59C90017AD96 /* OnboardingVC.swift */ = {isa = PBXFileReference; lastKnownFileType = sourcecode.swift; path = OnboardingVC.swift; sourceTree = "<group>"; };
		0458977F222D62A50017AD96 /* OnboardingMessages.swift */ = {isa = PBXFileReference; lastKnownFileType = sourcecode.swift; path = OnboardingMessages.swift; sourceTree = "<group>"; };
		046CA7432236A70E00D55DCB /* BasePlayerVC.swift */ = {isa = PBXFileReference; lastKnownFileType = sourcecode.swift; path = BasePlayerVC.swift; sourceTree = "<group>"; };
		046CA7452236B40600D55DCB /* stockVideo.mp4 */ = {isa = PBXFileReference; lastKnownFileType = file; path = stockVideo.mp4; sourceTree = "<group>"; };
		046D4704222C4BBC0001E824 /* NavigationControllerExtension.swift */ = {isa = PBXFileReference; lastKnownFileType = sourcecode.swift; path = NavigationControllerExtension.swift; sourceTree = "<group>"; };
		046E1827221B3395005940DA /* DateFormatter.swift */ = {isa = PBXFileReference; lastKnownFileType = sourcecode.swift; path = DateFormatter.swift; sourceTree = "<group>"; };
		046E1829221B369E005940DA /* MessagesHeaderView.swift */ = {isa = PBXFileReference; lastKnownFileType = sourcecode.swift; path = MessagesHeaderView.swift; sourceTree = "<group>"; };
		049D3ABC22134C150084AD45 /* ChatCategoriesVC.swift */ = {isa = PBXFileReference; lastKnownFileType = sourcecode.swift; path = ChatCategoriesVC.swift; sourceTree = "<group>"; };
		049D3ABE22134C6B0084AD45 /* HomeVC.swift */ = {isa = PBXFileReference; fileEncoding = 4; lastKnownFileType = sourcecode.swift; path = HomeVC.swift; sourceTree = "<group>"; };
		049D3AC0221352A50084AD45 /* BaseTableViewController.swift */ = {isa = PBXFileReference; lastKnownFileType = sourcecode.swift; path = BaseTableViewController.swift; sourceTree = "<group>"; };
		049D3AC32213546D0084AD45 /* ChatCategoryCell.swift */ = {isa = PBXFileReference; lastKnownFileType = sourcecode.swift; path = ChatCategoryCell.swift; sourceTree = "<group>"; };
		049D3AC7221358AB0084AD45 /* BaseTableViewCell.swift */ = {isa = PBXFileReference; lastKnownFileType = sourcecode.swift; path = BaseTableViewCell.swift; sourceTree = "<group>"; };
		04A58EAE222170C500142885 /* TransitVC.swift */ = {isa = PBXFileReference; lastKnownFileType = sourcecode.swift; path = TransitVC.swift; sourceTree = "<group>"; };
		04A58EB02221712A00142885 /* TransitMenuView.swift */ = {isa = PBXFileReference; lastKnownFileType = sourcecode.swift; path = TransitMenuView.swift; sourceTree = "<group>"; };
		04A58EB222217D2500142885 /* TransitMenuCell.swift */ = {isa = PBXFileReference; lastKnownFileType = sourcecode.swift; path = TransitMenuCell.swift; sourceTree = "<group>"; };
		04ACDDDF222072BC00B94CF3 /* LSStatCell.swift */ = {isa = PBXFileReference; lastKnownFileType = sourcecode.swift; path = LSStatCell.swift; sourceTree = "<group>"; };
		04ACDDE12220752300B94CF3 /* LSStatsVC.swift */ = {isa = PBXFileReference; lastKnownFileType = sourcecode.swift; path = LSStatsVC.swift; sourceTree = "<group>"; };
		04B3AD9E2214822700BB61C3 /* MessageCell.swift */ = {isa = PBXFileReference; lastKnownFileType = sourcecode.swift; path = MessageCell.swift; sourceTree = "<group>"; };
		04B3ADA02214837D00BB61C3 /* MessagesVC.swift */ = {isa = PBXFileReference; lastKnownFileType = sourcecode.swift; path = MessagesVC.swift; sourceTree = "<group>"; };
		04B3ADA322148EE100BB61C3 /* Message.swift */ = {isa = PBXFileReference; lastKnownFileType = sourcecode.swift; path = Message.swift; sourceTree = "<group>"; };
		04B3ADA62214916800BB61C3 /* Messages.swift */ = {isa = PBXFileReference; lastKnownFileType = sourcecode.swift; path = Messages.swift; sourceTree = "<group>"; };
		04C4C5702237E44700CC08A8 /* not-of-this-earth.mp3 */ = {isa = PBXFileReference; lastKnownFileType = audio.mp3; path = "not-of-this-earth.mp3"; sourceTree = "<group>"; };
		04C679D022246F5200F997E1 /* HydroGardenVC.swift */ = {isa = PBXFileReference; lastKnownFileType = sourcecode.swift; path = HydroGardenVC.swift; sourceTree = "<group>"; };
		04C679D2222470CF00F997E1 /* Weather.swift */ = {isa = PBXFileReference; lastKnownFileType = sourcecode.swift; path = Weather.swift; sourceTree = "<group>"; };
		04C679D4222472C700F997E1 /* WeatherSituations.swift */ = {isa = PBXFileReference; lastKnownFileType = sourcecode.swift; path = WeatherSituations.swift; sourceTree = "<group>"; };
		04C679D622247CD700F997E1 /* HydroGardenWeatherCell.swift */ = {isa = PBXFileReference; lastKnownFileType = sourcecode.swift; path = HydroGardenWeatherCell.swift; sourceTree = "<group>"; };
		04DAB1732235732F004D0AFE /* EntertainmentVC.swift */ = {isa = PBXFileReference; lastKnownFileType = sourcecode.swift; path = EntertainmentVC.swift; sourceTree = "<group>"; };
		04DAB175223573D3004D0AFE /* MusicPlayerVC.swift */ = {isa = PBXFileReference; lastKnownFileType = sourcecode.swift; path = MusicPlayerVC.swift; sourceTree = "<group>"; };
		04DAB177223573DC004D0AFE /* VideoPlayerVC.swift */ = {isa = PBXFileReference; lastKnownFileType = sourcecode.swift; path = VideoPlayerVC.swift; sourceTree = "<group>"; };
		04DAB179223573F0004D0AFE /* ActivitiesVC.swift */ = {isa = PBXFileReference; lastKnownFileType = sourcecode.swift; path = ActivitiesVC.swift; sourceTree = "<group>"; };
		04E38A902237F8D60097E98B /* ActivityCell.swift */ = {isa = PBXFileReference; lastKnownFileType = sourcecode.swift; path = ActivityCell.swift; sourceTree = "<group>"; };
		04EFF67E2219EF7100D14D3B /* Colors.swift */ = {isa = PBXFileReference; lastKnownFileType = sourcecode.swift; path = Colors.swift; sourceTree = "<group>"; };
/* End PBXFileReference section */

/* Begin PBXFrameworksBuildPhase section */
		0441F6B02210984800EAD015 /* Frameworks */ = {
			isa = PBXFrameworksBuildPhase;
			buildActionMask = 2147483647;
			files = (
			);
			runOnlyForDeploymentPostprocessing = 0;
		};
/* End PBXFrameworksBuildPhase section */

/* Begin PBXGroup section */
		0429B878222C5BC600C1F697 /* Onboarding */ = {
			isa = PBXGroup;
			children = (
				0458977D222D59C90017AD96 /* OnboardingVC.swift */,
				0458977F222D62A50017AD96 /* OnboardingMessages.swift */,
			);
			path = Onboarding;
			sourceTree = "<group>";
		};
		0441F6AA2210984800EAD015 = {
			isa = PBXGroup;
			children = (
				04C4C5702237E44700CC08A8 /* not-of-this-earth.mp3 */,
				046CA7452236B40600D55DCB /* stockVideo.mp4 */,
				043D4EA9222FE48000B28797 /* onboardingVideo.mp4 */,
				0441F6B52210984800EAD015 /* MARS */,
				0441F6B42210984800EAD015 /* Products */,
			);
			sourceTree = "<group>";
		};
		0441F6B42210984800EAD015 /* Products */ = {
			isa = PBXGroup;
			children = (
				0441F6B32210984800EAD015 /* MARS.app */,
			);
			name = Products;
			sourceTree = "<group>";
		};
		0441F6B52210984800EAD015 /* MARS */ = {
			isa = PBXGroup;
			children = (
				0429B878222C5BC600C1F697 /* Onboarding */,
				04EFF6822219EF9A00D14D3B /* Helpers */,
				04B3ADA52214915900BB61C3 /* Data */,
				04B3ADA222148ED500BB61C3 /* Model */,
				049D3ABB22134BF10084AD45 /* Controller */,
				049D3ABA221348DB0084AD45 /* View */,
				0441F6B62210984800EAD015 /* AppDelegate.swift */,
				0441F6BD2210984A00EAD015 /* Assets.xcassets */,
				0441F6BF2210984A00EAD015 /* LaunchScreen.storyboard */,
				0441F6C22210984A00EAD015 /* Info.plist */,
			);
			path = MARS;
			sourceTree = "<group>";
		};
		0454A997221DA97C00EED3B1 /* Base Views */ = {
			isa = PBXGroup;
			children = (
				049D3AC7221358AB0084AD45 /* BaseTableViewCell.swift */,
				042D8B8F221C6BF00095743C /* BaseEventView.swift */,
			);
			path = "Base Views";
			sourceTree = "<group>";
		};
		049D3ABA221348DB0084AD45 /* View */ = {
			isa = PBXGroup;
			children = (
				0441F6CA2210A3CC00EAD015 /* MenuHeaderView.swift */,
				0441F6C822109F8A00EAD015 /* MenuCell.swift */,
				042478B32219CBF300878DE4 /* EventCell.swift */,
				049D3AC32213546D0084AD45 /* ChatCategoryCell.swift */,
				046E1829221B369E005940DA /* MessagesHeaderView.swift */,
				04B3AD9E2214822700BB61C3 /* MessageCell.swift */,
				04ACDDDF222072BC00B94CF3 /* LSStatCell.swift */,
				04A58EB02221712A00142885 /* TransitMenuView.swift */,
				04A58EB222217D2500142885 /* TransitMenuCell.swift */,
				04C679D622247CD700F997E1 /* HydroGardenWeatherCell.swift */,
				04E38A902237F8D60097E98B /* ActivityCell.swift */,
				0454A997221DA97C00EED3B1 /* Base Views */,
			);
			path = View;
			sourceTree = "<group>";
		};
		049D3ABB22134BF10084AD45 /* Controller */ = {
			isa = PBXGroup;
			children = (
				049D3ABE22134C6B0084AD45 /* HomeVC.swift */,
				042478B12219C88A00878DE4 /* EventsVC.swift */,
				042D8B8D221C6BA30095743C /* EventDetailVC.swift */,
				049D3ABC22134C150084AD45 /* ChatCategoriesVC.swift */,
				04B3ADA02214837D00BB61C3 /* MessagesVC.swift */,
				04ACDDE12220752300B94CF3 /* LSStatsVC.swift */,
				04A58EAE222170C500142885 /* TransitVC.swift */,
				04C679D022246F5200F997E1 /* HydroGardenVC.swift */,
				04DAB1732235732F004D0AFE /* EntertainmentVC.swift */,
				04DAB17B223573F7004D0AFE /* EntertainmentVCs */,
				049D3AC2221352B00084AD45 /* GenericController */,
			);
			path = Controller;
			sourceTree = "<group>";
		};
		049D3AC2221352B00084AD45 /* GenericController */ = {
			isa = PBXGroup;
			children = (
				046CA7432236A70E00D55DCB /* BasePlayerVC.swift */,
				049D3AC0221352A50084AD45 /* BaseTableViewController.swift */,
			);
			path = GenericController;
			sourceTree = "<group>";
		};
		04B3ADA222148ED500BB61C3 /* Model */ = {
			isa = PBXGroup;
			children = (
				04B3ADA322148EE100BB61C3 /* Message.swift */,
				042478B72219CEFE00878DE4 /* Event.swift */,
				04463C4C22205BC000087EF2 /* LSCategory.swift */,
				041A4C3C22242E1400567728 /* Vehicle.swift */,
				04C679D2222470CF00F997E1 /* Weather.swift */,
				042558202225762900EB5FC6 /* Garden.swift */,
			);
			path = Model;
			sourceTree = "<group>";
		};
		04B3ADA52214915900BB61C3 /* Data */ = {
			isa = PBXGroup;
			children = (
				04B3ADA62214916800BB61C3 /* Messages.swift */,
				042478B92219CF3E00878DE4 /* Events.swift */,
				04463C4E22205BEE00087EF2 /* LSCategories.swift */,
				041A4C3E22242E5F00567728 /* Vehicles.swift */,
				04C679D4222472C700F997E1 /* WeatherSituations.swift */,
				04255824222576B200EB5FC6 /* Gardens.swift */,
			);
			path = Data;
			sourceTree = "<group>";
		};
		04DAB17B223573F7004D0AFE /* EntertainmentVCs */ = {
			isa = PBXGroup;
			children = (
				04DAB175223573D3004D0AFE /* MusicPlayerVC.swift */,
				04DAB177223573DC004D0AFE /* VideoPlayerVC.swift */,
				04DAB179223573F0004D0AFE /* ActivitiesVC.swift */,
			);
			path = EntertainmentVCs;
			sourceTree = "<group>";
		};
		04EFF6822219EF9A00D14D3B /* Helpers */ = {
			isa = PBXGroup;
			children = (
				04EFF67E2219EF7100D14D3B /* Colors.swift */,
				046E1827221B3395005940DA /* DateFormatter.swift */,
				042D8B8B221C679F0095743C /* FadeAnimations.swift */,
				0420675A22257FE5002762F9 /* GradientView.swift */,
				0420675C22257FEF002762F9 /* ParticleView.swift */,
				046D4704222C4BBC0001E824 /* NavigationControllerExtension.swift */,
				0453143E222EE335006A456D /* UserSettings.swift */,
			);
			path = Helpers;
			sourceTree = "<group>";
		};
/* End PBXGroup section */

/* Begin PBXNativeTarget section */
		0441F6B22210984800EAD015 /* MARS */ = {
			isa = PBXNativeTarget;
			buildConfigurationList = 0441F6C52210984A00EAD015 /* Build configuration list for PBXNativeTarget "MARS" */;
			buildPhases = (
				0441F6AF2210984800EAD015 /* Sources */,
				0441F6B02210984800EAD015 /* Frameworks */,
				0441F6B12210984800EAD015 /* Resources */,
			);
			buildRules = (
			);
			dependencies = (
			);
			name = MARS;
			productName = MARS;
			productReference = 0441F6B32210984800EAD015 /* MARS.app */;
			productType = "com.apple.product-type.application";
		};
/* End PBXNativeTarget section */

/* Begin PBXProject section */
		0441F6AB2210984800EAD015 /* Project object */ = {
			isa = PBXProject;
			attributes = {
				LastSwiftUpdateCheck = 1010;
				LastUpgradeCheck = 1010;
				ORGANIZATIONNAME = kubapolakowski;
				TargetAttributes = {
					0441F6B22210984800EAD015 = {
						CreatedOnToolsVersion = 10.1;
					};
				};
			};
			buildConfigurationList = 0441F6AE2210984800EAD015 /* Build configuration list for PBXProject "MARS" */;
			compatibilityVersion = "Xcode 9.3";
			developmentRegion = en;
			hasScannedForEncodings = 0;
			knownRegions = (
				en,
				Base,
			);
			mainGroup = 0441F6AA2210984800EAD015;
			productRefGroup = 0441F6B42210984800EAD015 /* Products */;
			projectDirPath = "";
			projectRoot = "";
			targets = (
				0441F6B22210984800EAD015 /* MARS */,
			);
		};
/* End PBXProject section */

/* Begin PBXResourcesBuildPhase section */
		0441F6B12210984800EAD015 /* Resources */ = {
			isa = PBXResourcesBuildPhase;
			buildActionMask = 2147483647;
			files = (
				04C4C5712237E44700CC08A8 /* not-of-this-earth.mp3 in Resources */,
				046CA7462236B40600D55DCB /* stockVideo.mp4 in Resources */,
				043D4EAA222FE48000B28797 /* onboardingVideo.mp4 in Resources */,
				0441F6C12210984A00EAD015 /* LaunchScreen.storyboard in Resources */,
				0441F6BE2210984A00EAD015 /* Assets.xcassets in Resources */,
			);
			runOnlyForDeploymentPostprocessing = 0;
		};
/* End PBXResourcesBuildPhase section */

/* Begin PBXSourcesBuildPhase section */
		0441F6AF2210984800EAD015 /* Sources */ = {
			isa = PBXSourcesBuildPhase;
			buildActionMask = 2147483647;
			files = (
				0420675B22257FE5002762F9 /* GradientView.swift in Sources */,
				0420675D22257FEF002762F9 /* ParticleView.swift in Sources */,
				04ACDDE22220752300B94CF3 /* LSStatsVC.swift in Sources */,
				046E1828221B3395005940DA /* DateFormatter.swift in Sources */,
				042478B22219C88A00878DE4 /* EventsVC.swift in Sources */,
				046CA7442236A70E00D55DCB /* BasePlayerVC.swift in Sources */,
				042D8B8C221C679F0095743C /* FadeAnimations.swift in Sources */,
				049D3AC1221352A50084AD45 /* BaseTableViewController.swift in Sources */,
				04A58EB12221712A00142885 /* TransitMenuView.swift in Sources */,
				04A58EB322217D2500142885 /* TransitMenuCell.swift in Sources */,
				04B3ADA72214916800BB61C3 /* Messages.swift in Sources */,
				04EFF67F2219EF7100D14D3B /* Colors.swift in Sources */,
				049D3ABF22134C6C0084AD45 /* HomeVC.swift in Sources */,
				04463C4D22205BC000087EF2 /* LSCategory.swift in Sources */,
				04DAB17A223573F0004D0AFE /* ActivitiesVC.swift in Sources */,
				042478B82219CEFE00878DE4 /* Event.swift in Sources */,
				0453143F222EE335006A456D /* UserSettings.swift in Sources */,
				042558212225762900EB5FC6 /* Garden.swift in Sources */,
				04A58EAF222170C500142885 /* TransitVC.swift in Sources */,
				0458977E222D59C90017AD96 /* OnboardingVC.swift in Sources */,
				04ACDDE0222072BC00B94CF3 /* LSStatCell.swift in Sources */,
				0441F6CB2210A3CC00EAD015 /* MenuHeaderView.swift in Sources */,
				042D8B8E221C6BA30095743C /* EventDetailVC.swift in Sources */,
				04463C4F22205BEE00087EF2 /* LSCategories.swift in Sources */,
				046E182A221B369E005940DA /* MessagesHeaderView.swift in Sources */,
				04255825222576B200EB5FC6 /* Gardens.swift in Sources */,
				041A4C3D22242E1400567728 /* Vehicle.swift in Sources */,
				04DAB176223573D3004D0AFE /* MusicPlayerVC.swift in Sources */,
				04589780222D62A50017AD96 /* OnboardingMessages.swift in Sources */,
				049D3ABD22134C150084AD45 /* ChatCategoriesVC.swift in Sources */,
				042478B42219CBF300878DE4 /* EventCell.swift in Sources */,
				049D3AC42213546D0084AD45 /* ChatCategoryCell.swift in Sources */,
				04E38A912237F8D60097E98B /* ActivityCell.swift in Sources */,
				04C679D722247CD700F997E1 /* HydroGardenWeatherCell.swift in Sources */,
				04DAB178223573DC004D0AFE /* VideoPlayerVC.swift in Sources */,
				049D3AC8221358AB0084AD45 /* BaseTableViewCell.swift in Sources */,
				04B3ADA422148EE100BB61C3 /* Message.swift in Sources */,
				0441F6B72210984800EAD015 /* AppDelegate.swift in Sources */,
				04C679D3222470CF00F997E1 /* Weather.swift in Sources */,
				046D4705222C4BBC0001E824 /* NavigationControllerExtension.swift in Sources */,
				042478BA2219CF3E00878DE4 /* Events.swift in Sources */,
				042D8B90221C6BF00095743C /* BaseEventView.swift in Sources */,
				041A4C3F22242E5F00567728 /* Vehicles.swift in Sources */,
				0441F6C922109F8A00EAD015 /* MenuCell.swift in Sources */,
				04B3ADA12214837D00BB61C3 /* MessagesVC.swift in Sources */,
				04C679D5222472C700F997E1 /* WeatherSituations.swift in Sources */,
				04C679D122246F5200F997E1 /* HydroGardenVC.swift in Sources */,
				04B3AD9F2214822700BB61C3 /* MessageCell.swift in Sources */,
				04DAB1742235732F004D0AFE /* EntertainmentVC.swift in Sources */,
			);
			runOnlyForDeploymentPostprocessing = 0;
		};
/* End PBXSourcesBuildPhase section */

/* Begin PBXVariantGroup section */
		0441F6BF2210984A00EAD015 /* LaunchScreen.storyboard */ = {
			isa = PBXVariantGroup;
			children = (
				0441F6C02210984A00EAD015 /* Base */,
			);
			name = LaunchScreen.storyboard;
			sourceTree = "<group>";
		};
/* End PBXVariantGroup section */

/* Begin XCBuildConfiguration section */
		0441F6C32210984A00EAD015 /* Debug */ = {
			isa = XCBuildConfiguration;
			buildSettings = {
				ALWAYS_SEARCH_USER_PATHS = NO;
				CLANG_ANALYZER_NONNULL = YES;
				CLANG_ANALYZER_NUMBER_OBJECT_CONVERSION = YES_AGGRESSIVE;
				CLANG_CXX_LANGUAGE_STANDARD = "gnu++14";
				CLANG_CXX_LIBRARY = "libc++";
				CLANG_ENABLE_MODULES = YES;
				CLANG_ENABLE_OBJC_ARC = YES;
				CLANG_ENABLE_OBJC_WEAK = YES;
				CLANG_WARN_BLOCK_CAPTURE_AUTORELEASING = YES;
				CLANG_WARN_BOOL_CONVERSION = YES;
				CLANG_WARN_COMMA = YES;
				CLANG_WARN_CONSTANT_CONVERSION = YES;
				CLANG_WARN_DEPRECATED_OBJC_IMPLEMENTATIONS = YES;
				CLANG_WARN_DIRECT_OBJC_ISA_USAGE = YES_ERROR;
				CLANG_WARN_DOCUMENTATION_COMMENTS = YES;
				CLANG_WARN_EMPTY_BODY = YES;
				CLANG_WARN_ENUM_CONVERSION = YES;
				CLANG_WARN_INFINITE_RECURSION = YES;
				CLANG_WARN_INT_CONVERSION = YES;
				CLANG_WARN_NON_LITERAL_NULL_CONVERSION = YES;
				CLANG_WARN_OBJC_IMPLICIT_RETAIN_SELF = YES;
				CLANG_WARN_OBJC_LITERAL_CONVERSION = YES;
				CLANG_WARN_OBJC_ROOT_CLASS = YES_ERROR;
				CLANG_WARN_RANGE_LOOP_ANALYSIS = YES;
				CLANG_WARN_STRICT_PROTOTYPES = YES;
				CLANG_WARN_SUSPICIOUS_MOVE = YES;
				CLANG_WARN_UNGUARDED_AVAILABILITY = YES_AGGRESSIVE;
				CLANG_WARN_UNREACHABLE_CODE = YES;
				CLANG_WARN__DUPLICATE_METHOD_MATCH = YES;
				CODE_SIGN_IDENTITY = "iPhone Developer";
				COPY_PHASE_STRIP = NO;
				DEBUG_INFORMATION_FORMAT = dwarf;
				ENABLE_STRICT_OBJC_MSGSEND = YES;
				ENABLE_TESTABILITY = YES;
				GCC_C_LANGUAGE_STANDARD = gnu11;
				GCC_DYNAMIC_NO_PIC = NO;
				GCC_NO_COMMON_BLOCKS = YES;
				GCC_OPTIMIZATION_LEVEL = 0;
				GCC_PREPROCESSOR_DEFINITIONS = (
					"DEBUG=1",
					"$(inherited)",
				);
				GCC_WARN_64_TO_32_BIT_CONVERSION = YES;
				GCC_WARN_ABOUT_RETURN_TYPE = YES_ERROR;
				GCC_WARN_UNDECLARED_SELECTOR = YES;
				GCC_WARN_UNINITIALIZED_AUTOS = YES_AGGRESSIVE;
				GCC_WARN_UNUSED_FUNCTION = YES;
				GCC_WARN_UNUSED_VARIABLE = YES;
				IPHONEOS_DEPLOYMENT_TARGET = 12.1;
				MTL_ENABLE_DEBUG_INFO = INCLUDE_SOURCE;
				MTL_FAST_MATH = YES;
				ONLY_ACTIVE_ARCH = YES;
				SDKROOT = iphoneos;
				SWIFT_ACTIVE_COMPILATION_CONDITIONS = DEBUG;
				SWIFT_OPTIMIZATION_LEVEL = "-Onone";
			};
			name = Debug;
		};
		0441F6C42210984A00EAD015 /* Release */ = {
			isa = XCBuildConfiguration;
			buildSettings = {
				ALWAYS_SEARCH_USER_PATHS = NO;
				CLANG_ANALYZER_NONNULL = YES;
				CLANG_ANALYZER_NUMBER_OBJECT_CONVERSION = YES_AGGRESSIVE;
				CLANG_CXX_LANGUAGE_STANDARD = "gnu++14";
				CLANG_CXX_LIBRARY = "libc++";
				CLANG_ENABLE_MODULES = YES;
				CLANG_ENABLE_OBJC_ARC = YES;
				CLANG_ENABLE_OBJC_WEAK = YES;
				CLANG_WARN_BLOCK_CAPTURE_AUTORELEASING = YES;
				CLANG_WARN_BOOL_CONVERSION = YES;
				CLANG_WARN_COMMA = YES;
				CLANG_WARN_CONSTANT_CONVERSION = YES;
				CLANG_WARN_DEPRECATED_OBJC_IMPLEMENTATIONS = YES;
				CLANG_WARN_DIRECT_OBJC_ISA_USAGE = YES_ERROR;
				CLANG_WARN_DOCUMENTATION_COMMENTS = YES;
				CLANG_WARN_EMPTY_BODY = YES;
				CLANG_WARN_ENUM_CONVERSION = YES;
				CLANG_WARN_INFINITE_RECURSION = YES;
				CLANG_WARN_INT_CONVERSION = YES;
				CLANG_WARN_NON_LITERAL_NULL_CONVERSION = YES;
				CLANG_WARN_OBJC_IMPLICIT_RETAIN_SELF = YES;
				CLANG_WARN_OBJC_LITERAL_CONVERSION = YES;
				CLANG_WARN_OBJC_ROOT_CLASS = YES_ERROR;
				CLANG_WARN_RANGE_LOOP_ANALYSIS = YES;
				CLANG_WARN_STRICT_PROTOTYPES = YES;
				CLANG_WARN_SUSPICIOUS_MOVE = YES;
				CLANG_WARN_UNGUARDED_AVAILABILITY = YES_AGGRESSIVE;
				CLANG_WARN_UNREACHABLE_CODE = YES;
				CLANG_WARN__DUPLICATE_METHOD_MATCH = YES;
				CODE_SIGN_IDENTITY = "iPhone Developer";
				COPY_PHASE_STRIP = NO;
				DEBUG_INFORMATION_FORMAT = "dwarf-with-dsym";
				ENABLE_NS_ASSERTIONS = NO;
				ENABLE_STRICT_OBJC_MSGSEND = YES;
				GCC_C_LANGUAGE_STANDARD = gnu11;
				GCC_NO_COMMON_BLOCKS = YES;
				GCC_WARN_64_TO_32_BIT_CONVERSION = YES;
				GCC_WARN_ABOUT_RETURN_TYPE = YES_ERROR;
				GCC_WARN_UNDECLARED_SELECTOR = YES;
				GCC_WARN_UNINITIALIZED_AUTOS = YES_AGGRESSIVE;
				GCC_WARN_UNUSED_FUNCTION = YES;
				GCC_WARN_UNUSED_VARIABLE = YES;
				IPHONEOS_DEPLOYMENT_TARGET = 12.1;
				MTL_ENABLE_DEBUG_INFO = NO;
				MTL_FAST_MATH = YES;
				SDKROOT = iphoneos;
				SWIFT_COMPILATION_MODE = wholemodule;
				SWIFT_OPTIMIZATION_LEVEL = "-O";
				VALIDATE_PRODUCT = YES;
			};
			name = Release;
		};
		0441F6C62210984A00EAD015 /* Debug */ = {
			isa = XCBuildConfiguration;
			buildSettings = {
				ASSETCATALOG_COMPILER_APPICON_NAME = AppIcon;
				CODE_SIGN_STYLE = Automatic;
				DEVELOPMENT_TEAM = NTL6UP55DY;
				INFOPLIST_FILE = MARS/Info.plist;
				LD_RUNPATH_SEARCH_PATHS = (
					"$(inherited)",
					"@executable_path/Frameworks",
				);
				PRODUCT_BUNDLE_IDENTIFIER = com.kubapolakowski.MARS;
				PRODUCT_NAME = "$(TARGET_NAME)";
				SWIFT_VERSION = 4.2;
				TARGETED_DEVICE_FAMILY = "1,2";
			};
			name = Debug;
		};
		0441F6C72210984A00EAD015 /* Release */ = {
			isa = XCBuildConfiguration;
			buildSettings = {
				ASSETCATALOG_COMPILER_APPICON_NAME = AppIcon;
				CODE_SIGN_STYLE = Automatic;
				DEVELOPMENT_TEAM = NTL6UP55DY;
				INFOPLIST_FILE = MARS/Info.plist;
				LD_RUNPATH_SEARCH_PATHS = (
					"$(inherited)",
					"@executable_path/Frameworks",
				);
				PRODUCT_BUNDLE_IDENTIFIER = com.kubapolakowski.MARS;
				PRODUCT_NAME = "$(TARGET_NAME)";
				SWIFT_VERSION = 4.2;
				TARGETED_DEVICE_FAMILY = "1,2";
			};
			name = Release;
		};
/* End XCBuildConfiguration section */

/* Begin XCConfigurationList section */
		0441F6AE2210984800EAD015 /* Build configuration list for PBXProject "MARS" */ = {
			isa = XCConfigurationList;
			buildConfigurations = (
				0441F6C32210984A00EAD015 /* Debug */,
				0441F6C42210984A00EAD015 /* Release */,
			);
			defaultConfigurationIsVisible = 0;
			defaultConfigurationName = Release;
		};
		0441F6C52210984A00EAD015 /* Build configuration list for PBXNativeTarget "MARS" */ = {
			isa = XCConfigurationList;
			buildConfigurations = (
				0441F6C62210984A00EAD015 /* Debug */,
				0441F6C72210984A00EAD015 /* Release */,
			);
			defaultConfigurationIsVisible = 0;
			defaultConfigurationName = Release;
		};
/* End XCConfigurationList section */
	};
	rootObject = 0441F6AB2210984800EAD015 /* Project object */;
}
